// !$*UTF8*$!
{
	archiveVersion = 1;
	classes = {
	};
	objectVersion = 55;
	objects = {

/* Begin PBXBuildFile section */
		22EEAC9B28A2C53600995CC9 /* AppDelegate.swift in Sources */ = {isa = PBXBuildFile; fileRef = 22EEAC9A28A2C53600995CC9 /* AppDelegate.swift */; };
		22EEAC9D28A2C53600995CC9 /* SceneDelegate.swift in Sources */ = {isa = PBXBuildFile; fileRef = 22EEAC9C28A2C53600995CC9 /* SceneDelegate.swift */; };
		22EEAC9F28A2C53600995CC9 /* MainWeatherForecastViewController.swift in Sources */ = {isa = PBXBuildFile; fileRef = 22EEAC9E28A2C53600995CC9 /* MainWeatherForecastViewController.swift */; };
		22EEACA428A2C53700995CC9 /* Assets.xcassets in Resources */ = {isa = PBXBuildFile; fileRef = 22EEACA328A2C53700995CC9 /* Assets.xcassets */; };
		22EEACA728A2C53700995CC9 /* LaunchScreen.storyboard in Resources */ = {isa = PBXBuildFile; fileRef = 22EEACA528A2C53700995CC9 /* LaunchScreen.storyboard */; };
		22EEACB228A2C53800995CC9 /* TeeWeatherForecastTests.swift in Sources */ = {isa = PBXBuildFile; fileRef = 22EEACB128A2C53800995CC9 /* TeeWeatherForecastTests.swift */; };
		22EEACBC28A2C53800995CC9 /* TeeWeatherForecastUITests.swift in Sources */ = {isa = PBXBuildFile; fileRef = 22EEACBB28A2C53800995CC9 /* TeeWeatherForecastUITests.swift */; };
		22EEACBE28A2C53800995CC9 /* TeeWeatherForecastUITestsLaunchTests.swift in Sources */ = {isa = PBXBuildFile; fileRef = 22EEACBD28A2C53800995CC9 /* TeeWeatherForecastUITestsLaunchTests.swift */; };
		22EEACCD28A34A1700995CC9 /* Constants.swift in Sources */ = {isa = PBXBuildFile; fileRef = 22EEACCC28A34A1700995CC9 /* Constants.swift */; };
		22EEACCF28A34A3800995CC9 /* NetworkManager.swift in Sources */ = {isa = PBXBuildFile; fileRef = 22EEACCE28A34A3800995CC9 /* NetworkManager.swift */; };
		22EEACD228A34BED00995CC9 /* WeatherForecast.swift in Sources */ = {isa = PBXBuildFile; fileRef = 22EEACD128A34BED00995CC9 /* WeatherForecast.swift */; };
		22EEACD528A34C3200995CC9 /* DailyWeatherTableViewCell.swift in Sources */ = {isa = PBXBuildFile; fileRef = 22EEACD428A34C3200995CC9 /* DailyWeatherTableViewCell.swift */; };
		22EEACD828A34C6000995CC9 /* MainWeatherForecastPresenter.swift in Sources */ = {isa = PBXBuildFile; fileRef = 22EEACD728A34C6000995CC9 /* MainWeatherForecastPresenter.swift */; };
		22EEACDC28A355AC00995CC9 /* Display.swift in Sources */ = {isa = PBXBuildFile; fileRef = 22EEACDB28A355AC00995CC9 /* Display.swift */; };
		22EEACE028A3647600995CC9 /* Errors.swift in Sources */ = {isa = PBXBuildFile; fileRef = 22EEACDF28A3647600995CC9 /* Errors.swift */; };
		22EEACE828A4B8C800995CC9 /* AirPollutionViewController.swift in Sources */ = {isa = PBXBuildFile; fileRef = 22EEACE728A4B8C800995CC9 /* AirPollutionViewController.swift */; };
		22EEACEA28A4B98A00995CC9 /* AirPollutionPresenter.swift in Sources */ = {isa = PBXBuildFile; fileRef = 22EEACE928A4B98A00995CC9 /* AirPollutionPresenter.swift */; };
		22EEACEC28A4F8C500995CC9 /* AirPollution.swift in Sources */ = {isa = PBXBuildFile; fileRef = 22EEACEB28A4F8C500995CC9 /* AirPollution.swift */; };
/* End PBXBuildFile section */

/* Begin PBXContainerItemProxy section */
		22EEACAE28A2C53800995CC9 /* PBXContainerItemProxy */ = {
			isa = PBXContainerItemProxy;
			containerPortal = 22EEAC8F28A2C53600995CC9 /* Project object */;
			proxyType = 1;
			remoteGlobalIDString = 22EEAC9628A2C53600995CC9;
			remoteInfo = TeeWeatherForecast;
		};
		22EEACB828A2C53800995CC9 /* PBXContainerItemProxy */ = {
			isa = PBXContainerItemProxy;
			containerPortal = 22EEAC8F28A2C53600995CC9 /* Project object */;
			proxyType = 1;
			remoteGlobalIDString = 22EEAC9628A2C53600995CC9;
			remoteInfo = TeeWeatherForecast;
		};
/* End PBXContainerItemProxy section */

/* Begin PBXFileReference section */
		22EEAC9728A2C53600995CC9 /* TeeWeatherForecast.app */ = {isa = PBXFileReference; explicitFileType = wrapper.application; includeInIndex = 0; path = TeeWeatherForecast.app; sourceTree = BUILT_PRODUCTS_DIR; };
		22EEAC9A28A2C53600995CC9 /* AppDelegate.swift */ = {isa = PBXFileReference; lastKnownFileType = sourcecode.swift; path = AppDelegate.swift; sourceTree = "<group>"; };
		22EEAC9C28A2C53600995CC9 /* SceneDelegate.swift */ = {isa = PBXFileReference; lastKnownFileType = sourcecode.swift; path = SceneDelegate.swift; sourceTree = "<group>"; };
		22EEAC9E28A2C53600995CC9 /* MainWeatherForecastViewController.swift */ = {isa = PBXFileReference; lastKnownFileType = sourcecode.swift; path = MainWeatherForecastViewController.swift; sourceTree = "<group>"; };
		22EEACA328A2C53700995CC9 /* Assets.xcassets */ = {isa = PBXFileReference; lastKnownFileType = folder.assetcatalog; path = Assets.xcassets; sourceTree = "<group>"; };
		22EEACA628A2C53700995CC9 /* Base */ = {isa = PBXFileReference; lastKnownFileType = file.storyboard; name = Base; path = Base.lproj/LaunchScreen.storyboard; sourceTree = "<group>"; };
		22EEACA828A2C53700995CC9 /* Info.plist */ = {isa = PBXFileReference; lastKnownFileType = text.plist.xml; path = Info.plist; sourceTree = "<group>"; };
		22EEACAD28A2C53800995CC9 /* TeeWeatherForecastTests.xctest */ = {isa = PBXFileReference; explicitFileType = wrapper.cfbundle; includeInIndex = 0; path = TeeWeatherForecastTests.xctest; sourceTree = BUILT_PRODUCTS_DIR; };
		22EEACB128A2C53800995CC9 /* TeeWeatherForecastTests.swift */ = {isa = PBXFileReference; lastKnownFileType = sourcecode.swift; path = TeeWeatherForecastTests.swift; sourceTree = "<group>"; };
		22EEACB728A2C53800995CC9 /* TeeWeatherForecastUITests.xctest */ = {isa = PBXFileReference; explicitFileType = wrapper.cfbundle; includeInIndex = 0; path = TeeWeatherForecastUITests.xctest; sourceTree = BUILT_PRODUCTS_DIR; };
		22EEACBB28A2C53800995CC9 /* TeeWeatherForecastUITests.swift */ = {isa = PBXFileReference; lastKnownFileType = sourcecode.swift; path = TeeWeatherForecastUITests.swift; sourceTree = "<group>"; };
		22EEACBD28A2C53800995CC9 /* TeeWeatherForecastUITestsLaunchTests.swift */ = {isa = PBXFileReference; lastKnownFileType = sourcecode.swift; path = TeeWeatherForecastUITestsLaunchTests.swift; sourceTree = "<group>"; };
		22EEACCC28A34A1700995CC9 /* Constants.swift */ = {isa = PBXFileReference; lastKnownFileType = sourcecode.swift; path = Constants.swift; sourceTree = "<group>"; };
		22EEACCE28A34A3800995CC9 /* NetworkManager.swift */ = {isa = PBXFileReference; lastKnownFileType = sourcecode.swift; path = NetworkManager.swift; sourceTree = "<group>"; };
		22EEACD128A34BED00995CC9 /* WeatherForecast.swift */ = {isa = PBXFileReference; lastKnownFileType = sourcecode.swift; path = WeatherForecast.swift; sourceTree = "<group>"; };
		22EEACD428A34C3200995CC9 /* DailyWeatherTableViewCell.swift */ = {isa = PBXFileReference; lastKnownFileType = sourcecode.swift; path = DailyWeatherTableViewCell.swift; sourceTree = "<group>"; };
		22EEACD728A34C6000995CC9 /* MainWeatherForecastPresenter.swift */ = {isa = PBXFileReference; lastKnownFileType = sourcecode.swift; path = MainWeatherForecastPresenter.swift; sourceTree = "<group>"; };
		22EEACD928A350D700995CC9 /* ToDoList.md */ = {isa = PBXFileReference; lastKnownFileType = net.daringfireball.markdown; path = ToDoList.md; sourceTree = "<group>"; };
		22EEACDB28A355AC00995CC9 /* Display.swift */ = {isa = PBXFileReference; lastKnownFileType = sourcecode.swift; path = Display.swift; sourceTree = "<group>"; };
		22EEACDF28A3647600995CC9 /* Errors.swift */ = {isa = PBXFileReference; lastKnownFileType = sourcecode.swift; path = Errors.swift; sourceTree = "<group>"; };
		22EEACE728A4B8C800995CC9 /* AirPollutionViewController.swift */ = {isa = PBXFileReference; lastKnownFileType = sourcecode.swift; path = AirPollutionViewController.swift; sourceTree = "<group>"; };
		22EEACE928A4B98A00995CC9 /* AirPollutionPresenter.swift */ = {isa = PBXFileReference; lastKnownFileType = sourcecode.swift; path = AirPollutionPresenter.swift; sourceTree = "<group>"; };
		22EEACEB28A4F8C500995CC9 /* AirPollution.swift */ = {isa = PBXFileReference; lastKnownFileType = sourcecode.swift; path = AirPollution.swift; sourceTree = "<group>"; };
/* End PBXFileReference section */

/* Begin PBXFrameworksBuildPhase section */
		22EEAC9428A2C53600995CC9 /* Frameworks */ = {
			isa = PBXFrameworksBuildPhase;
			buildActionMask = 2147483647;
			files = (
			);
			runOnlyForDeploymentPostprocessing = 0;
		};
		22EEACAA28A2C53800995CC9 /* Frameworks */ = {
			isa = PBXFrameworksBuildPhase;
			buildActionMask = 2147483647;
			files = (
			);
			runOnlyForDeploymentPostprocessing = 0;
		};
		22EEACB428A2C53800995CC9 /* Frameworks */ = {
			isa = PBXFrameworksBuildPhase;
			buildActionMask = 2147483647;
			files = (
			);
			runOnlyForDeploymentPostprocessing = 0;
		};
/* End PBXFrameworksBuildPhase section */

/* Begin PBXGroup section */
		22EEAC8E28A2C53600995CC9 = {
			isa = PBXGroup;
			children = (
				22EEAC9928A2C53600995CC9 /* TeeWeatherForecast */,
				22EEACB028A2C53800995CC9 /* TeeWeatherForecastTests */,
				22EEACBA28A2C53800995CC9 /* TeeWeatherForecastUITests */,
				22EEAC9828A2C53600995CC9 /* Products */,
			);
			sourceTree = "<group>";
		};
		22EEAC9828A2C53600995CC9 /* Products */ = {
			isa = PBXGroup;
			children = (
				22EEAC9728A2C53600995CC9 /* TeeWeatherForecast.app */,
				22EEACAD28A2C53800995CC9 /* TeeWeatherForecastTests.xctest */,
				22EEACB728A2C53800995CC9 /* TeeWeatherForecastUITests.xctest */,
			);
			name = Products;
			sourceTree = "<group>";
		};
		22EEAC9928A2C53600995CC9 /* TeeWeatherForecast */ = {
			isa = PBXGroup;
			children = (
				22EEAC9A28A2C53600995CC9 /* AppDelegate.swift */,
				22EEAC9C28A2C53600995CC9 /* SceneDelegate.swift */,
				22EEACCB28A34A0600995CC9 /* Helpers */,
				22EEACE328A4AF4C00995CC9 /* AirPollution */,
				22EEACE128A3991A00995CC9 /* Home */,
				22EEACCA28A349EF00995CC9 /* Resources */,
				22EEACDA28A3558A00995CC9 /* Shared */,
				22EEACA828A2C53700995CC9 /* Info.plist */,
				22EEACD928A350D700995CC9 /* ToDoList.md */,
			);
			path = TeeWeatherForecast;
			sourceTree = "<group>";
		};
		22EEACB028A2C53800995CC9 /* TeeWeatherForecastTests */ = {
			isa = PBXGroup;
			children = (
				22EEACB128A2C53800995CC9 /* TeeWeatherForecastTests.swift */,
			);
			path = TeeWeatherForecastTests;
			sourceTree = "<group>";
		};
		22EEACBA28A2C53800995CC9 /* TeeWeatherForecastUITests */ = {
			isa = PBXGroup;
			children = (
				22EEACBB28A2C53800995CC9 /* TeeWeatherForecastUITests.swift */,
				22EEACBD28A2C53800995CC9 /* TeeWeatherForecastUITestsLaunchTests.swift */,
			);
			path = TeeWeatherForecastUITests;
			sourceTree = "<group>";
		};
		22EEACCA28A349EF00995CC9 /* Resources */ = {
			isa = PBXGroup;
			children = (
				22EEACA328A2C53700995CC9 /* Assets.xcassets */,
				22EEACA528A2C53700995CC9 /* LaunchScreen.storyboard */,
			);
			path = Resources;
			sourceTree = "<group>";
		};
		22EEACCB28A34A0600995CC9 /* Helpers */ = {
			isa = PBXGroup;
			children = (
				22EEACCC28A34A1700995CC9 /* Constants.swift */,
				22EEACCE28A34A3800995CC9 /* NetworkManager.swift */,
			);
			path = Helpers;
			sourceTree = "<group>";
		};
		22EEACD028A34BDA00995CC9 /* Models */ = {
			isa = PBXGroup;
			children = (
				22EEACD128A34BED00995CC9 /* WeatherForecast.swift */,
				22EEACDF28A3647600995CC9 /* Errors.swift */,
			);
			path = Models;
			sourceTree = "<group>";
		};
		22EEACD328A34C1100995CC9 /* View */ = {
			isa = PBXGroup;
			children = (
				22EEAC9E28A2C53600995CC9 /* MainWeatherForecastViewController.swift */,
				22EEACD428A34C3200995CC9 /* DailyWeatherTableViewCell.swift */,
			);
			path = View;
			sourceTree = "<group>";
		};
		22EEACD628A34C5400995CC9 /* Presenter */ = {
			isa = PBXGroup;
			children = (
				22EEACD728A34C6000995CC9 /* MainWeatherForecastPresenter.swift */,
			);
			path = Presenter;
			sourceTree = "<group>";
		};
		22EEACDA28A3558A00995CC9 /* Shared */ = {
			isa = PBXGroup;
			children = (
				22EEACDB28A355AC00995CC9 /* Display.swift */,
			);
			path = Shared;
			sourceTree = "<group>";
		};
		22EEACE128A3991A00995CC9 /* Home */ = {
			isa = PBXGroup;
			children = (
				22EEACD028A34BDA00995CC9 /* Models */,
				22EEACD328A34C1100995CC9 /* View */,
				22EEACD628A34C5400995CC9 /* Presenter */,
			);
			path = Home;
			sourceTree = "<group>";
		};
		22EEACE328A4AF4C00995CC9 /* AirPollution */ = {
			isa = PBXGroup;
			children = (
				22EEACE428A4AFA700995CC9 /* Models */,
				22EEACE628A4AFB500995CC9 /* Presenter */,
				22EEACE528A4AFAF00995CC9 /* View */,
			);
			path = AirPollution;
			sourceTree = "<group>";
		};
		22EEACE428A4AFA700995CC9 /* Models */ = {
			isa = PBXGroup;
			children = (
				22EEACEB28A4F8C500995CC9 /* AirPollution.swift */,
			);
			path = Models;
			sourceTree = "<group>";
		};
		22EEACE528A4AFAF00995CC9 /* View */ = {
			isa = PBXGroup;
			children = (
				22EEACE728A4B8C800995CC9 /* AirPollutionViewController.swift */,
			);
			path = View;
			sourceTree = "<group>";
		};
		22EEACE628A4AFB500995CC9 /* Presenter */ = {
			isa = PBXGroup;
			children = (
				22EEACE928A4B98A00995CC9 /* AirPollutionPresenter.swift */,
			);
			path = Presenter;
			sourceTree = "<group>";
		};
/* End PBXGroup section */

/* Begin PBXNativeTarget section */
		22EEAC9628A2C53600995CC9 /* TeeWeatherForecast */ = {
			isa = PBXNativeTarget;
			buildConfigurationList = 22EEACC128A2C53800995CC9 /* Build configuration list for PBXNativeTarget "TeeWeatherForecast" */;
			buildPhases = (
				22EEAC9328A2C53600995CC9 /* Sources */,
				22EEAC9428A2C53600995CC9 /* Frameworks */,
				22EEAC9528A2C53600995CC9 /* Resources */,
			);
			buildRules = (
			);
			dependencies = (
			);
			name = TeeWeatherForecast;
			productName = TeeWeatherForecast;
			productReference = 22EEAC9728A2C53600995CC9 /* TeeWeatherForecast.app */;
			productType = "com.apple.product-type.application";
		};
		22EEACAC28A2C53800995CC9 /* TeeWeatherForecastTests */ = {
			isa = PBXNativeTarget;
			buildConfigurationList = 22EEACC428A2C53800995CC9 /* Build configuration list for PBXNativeTarget "TeeWeatherForecastTests" */;
			buildPhases = (
				22EEACA928A2C53800995CC9 /* Sources */,
				22EEACAA28A2C53800995CC9 /* Frameworks */,
				22EEACAB28A2C53800995CC9 /* Resources */,
			);
			buildRules = (
			);
			dependencies = (
				22EEACAF28A2C53800995CC9 /* PBXTargetDependency */,
			);
			name = TeeWeatherForecastTests;
			productName = TeeWeatherForecastTests;
			productReference = 22EEACAD28A2C53800995CC9 /* TeeWeatherForecastTests.xctest */;
			productType = "com.apple.product-type.bundle.unit-test";
		};
		22EEACB628A2C53800995CC9 /* TeeWeatherForecastUITests */ = {
			isa = PBXNativeTarget;
			buildConfigurationList = 22EEACC728A2C53800995CC9 /* Build configuration list for PBXNativeTarget "TeeWeatherForecastUITests" */;
			buildPhases = (
				22EEACB328A2C53800995CC9 /* Sources */,
				22EEACB428A2C53800995CC9 /* Frameworks */,
				22EEACB528A2C53800995CC9 /* Resources */,
			);
			buildRules = (
			);
			dependencies = (
				22EEACB928A2C53800995CC9 /* PBXTargetDependency */,
			);
			name = TeeWeatherForecastUITests;
			productName = TeeWeatherForecastUITests;
			productReference = 22EEACB728A2C53800995CC9 /* TeeWeatherForecastUITests.xctest */;
			productType = "com.apple.product-type.bundle.ui-testing";
		};
/* End PBXNativeTarget section */

/* Begin PBXProject section */
		22EEAC8F28A2C53600995CC9 /* Project object */ = {
			isa = PBXProject;
			attributes = {
				BuildIndependentTargetsInParallel = 1;
				LastSwiftUpdateCheck = 1330;
				LastUpgradeCheck = 1330;
				TargetAttributes = {
					22EEAC9628A2C53600995CC9 = {
						CreatedOnToolsVersion = 13.3.1;
					};
					22EEACAC28A2C53800995CC9 = {
						CreatedOnToolsVersion = 13.3.1;
						TestTargetID = 22EEAC9628A2C53600995CC9;
					};
					22EEACB628A2C53800995CC9 = {
						CreatedOnToolsVersion = 13.3.1;
						TestTargetID = 22EEAC9628A2C53600995CC9;
					};
				};
			};
			buildConfigurationList = 22EEAC9228A2C53600995CC9 /* Build configuration list for PBXProject "TeeWeatherForecast" */;
			compatibilityVersion = "Xcode 13.0";
			developmentRegion = en;
			hasScannedForEncodings = 0;
			knownRegions = (
				en,
				Base,
			);
			mainGroup = 22EEAC8E28A2C53600995CC9;
			productRefGroup = 22EEAC9828A2C53600995CC9 /* Products */;
			projectDirPath = "";
			projectRoot = "";
			targets = (
				22EEAC9628A2C53600995CC9 /* TeeWeatherForecast */,
				22EEACAC28A2C53800995CC9 /* TeeWeatherForecastTests */,
				22EEACB628A2C53800995CC9 /* TeeWeatherForecastUITests */,
			);
		};
/* End PBXProject section */

/* Begin PBXResourcesBuildPhase section */
		22EEAC9528A2C53600995CC9 /* Resources */ = {
			isa = PBXResourcesBuildPhase;
			buildActionMask = 2147483647;
			files = (
				22EEACA728A2C53700995CC9 /* LaunchScreen.storyboard in Resources */,
				22EEACA428A2C53700995CC9 /* Assets.xcassets in Resources */,
			);
			runOnlyForDeploymentPostprocessing = 0;
		};
		22EEACAB28A2C53800995CC9 /* Resources */ = {
			isa = PBXResourcesBuildPhase;
			buildActionMask = 2147483647;
			files = (
			);
			runOnlyForDeploymentPostprocessing = 0;
		};
		22EEACB528A2C53800995CC9 /* Resources */ = {
			isa = PBXResourcesBuildPhase;
			buildActionMask = 2147483647;
			files = (
			);
			runOnlyForDeploymentPostprocessing = 0;
		};
/* End PBXResourcesBuildPhase section */

/* Begin PBXSourcesBuildPhase section */
		22EEAC9328A2C53600995CC9 /* Sources */ = {
			isa = PBXSourcesBuildPhase;
			buildActionMask = 2147483647;
			files = (
				22EEACE828A4B8C800995CC9 /* AirPollutionViewController.swift in Sources */,
				22EEACD828A34C6000995CC9 /* MainWeatherForecastPresenter.swift in Sources */,
				22EEAC9F28A2C53600995CC9 /* MainWeatherForecastViewController.swift in Sources */,
				22EEAC9B28A2C53600995CC9 /* AppDelegate.swift in Sources */,
				22EEACCF28A34A3800995CC9 /* NetworkManager.swift in Sources */,
				22EEACDC28A355AC00995CC9 /* Display.swift in Sources */,
				22EEACD228A34BED00995CC9 /* WeatherForecast.swift in Sources */,
				22EEACEC28A4F8C500995CC9 /* AirPollution.swift in Sources */,
				22EEACE028A3647600995CC9 /* Errors.swift in Sources */,
				22EEACEA28A4B98A00995CC9 /* AirPollutionPresenter.swift in Sources */,
				22EEAC9D28A2C53600995CC9 /* SceneDelegate.swift in Sources */,
				22EEACD528A34C3200995CC9 /* DailyWeatherTableViewCell.swift in Sources */,
				22EEACCD28A34A1700995CC9 /* Constants.swift in Sources */,
			);
			runOnlyForDeploymentPostprocessing = 0;
		};
		22EEACA928A2C53800995CC9 /* Sources */ = {
			isa = PBXSourcesBuildPhase;
			buildActionMask = 2147483647;
			files = (
				22EEACB228A2C53800995CC9 /* TeeWeatherForecastTests.swift in Sources */,
			);
			runOnlyForDeploymentPostprocessing = 0;
		};
		22EEACB328A2C53800995CC9 /* Sources */ = {
			isa = PBXSourcesBuildPhase;
			buildActionMask = 2147483647;
			files = (
				22EEACBC28A2C53800995CC9 /* TeeWeatherForecastUITests.swift in Sources */,
				22EEACBE28A2C53800995CC9 /* TeeWeatherForecastUITestsLaunchTests.swift in Sources */,
			);
			runOnlyForDeploymentPostprocessing = 0;
		};
/* End PBXSourcesBuildPhase section */

/* Begin PBXTargetDependency section */
		22EEACAF28A2C53800995CC9 /* PBXTargetDependency */ = {
			isa = PBXTargetDependency;
			target = 22EEAC9628A2C53600995CC9 /* TeeWeatherForecast */;
			targetProxy = 22EEACAE28A2C53800995CC9 /* PBXContainerItemProxy */;
		};
		22EEACB928A2C53800995CC9 /* PBXTargetDependency */ = {
			isa = PBXTargetDependency;
			target = 22EEAC9628A2C53600995CC9 /* TeeWeatherForecast */;
			targetProxy = 22EEACB828A2C53800995CC9 /* PBXContainerItemProxy */;
		};
/* End PBXTargetDependency section */

/* Begin PBXVariantGroup section */
		22EEACA528A2C53700995CC9 /* LaunchScreen.storyboard */ = {
			isa = PBXVariantGroup;
			children = (
				22EEACA628A2C53700995CC9 /* Base */,
			);
			name = LaunchScreen.storyboard;
			sourceTree = "<group>";
		};
/* End PBXVariantGroup section */

/* Begin XCBuildConfiguration section */
		22EEACBF28A2C53800995CC9 /* Debug */ = {
			isa = XCBuildConfiguration;
			buildSettings = {
				ALWAYS_SEARCH_USER_PATHS = NO;
				CLANG_ANALYZER_NONNULL = YES;
				CLANG_ANALYZER_NUMBER_OBJECT_CONVERSION = YES_AGGRESSIVE;
				CLANG_CXX_LANGUAGE_STANDARD = "gnu++17";
				CLANG_ENABLE_MODULES = YES;
				CLANG_ENABLE_OBJC_ARC = YES;
				CLANG_ENABLE_OBJC_WEAK = YES;
				CLANG_WARN_BLOCK_CAPTURE_AUTORELEASING = YES;
				CLANG_WARN_BOOL_CONVERSION = YES;
				CLANG_WARN_COMMA = YES;
				CLANG_WARN_CONSTANT_CONVERSION = YES;
				CLANG_WARN_DEPRECATED_OBJC_IMPLEMENTATIONS = YES;
				CLANG_WARN_DIRECT_OBJC_ISA_USAGE = YES_ERROR;
				CLANG_WARN_DOCUMENTATION_COMMENTS = YES;
				CLANG_WARN_EMPTY_BODY = YES;
				CLANG_WARN_ENUM_CONVERSION = YES;
				CLANG_WARN_INFINITE_RECURSION = YES;
				CLANG_WARN_INT_CONVERSION = YES;
				CLANG_WARN_NON_LITERAL_NULL_CONVERSION = YES;
				CLANG_WARN_OBJC_IMPLICIT_RETAIN_SELF = YES;
				CLANG_WARN_OBJC_LITERAL_CONVERSION = YES;
				CLANG_WARN_OBJC_ROOT_CLASS = YES_ERROR;
				CLANG_WARN_QUOTED_INCLUDE_IN_FRAMEWORK_HEADER = YES;
				CLANG_WARN_RANGE_LOOP_ANALYSIS = YES;
				CLANG_WARN_STRICT_PROTOTYPES = YES;
				CLANG_WARN_SUSPICIOUS_MOVE = YES;
				CLANG_WARN_UNGUARDED_AVAILABILITY = YES_AGGRESSIVE;
				CLANG_WARN_UNREACHABLE_CODE = YES;
				CLANG_WARN__DUPLICATE_METHOD_MATCH = YES;
				COPY_PHASE_STRIP = NO;
				DEBUG_INFORMATION_FORMAT = dwarf;
				ENABLE_STRICT_OBJC_MSGSEND = YES;
				ENABLE_TESTABILITY = YES;
				GCC_C_LANGUAGE_STANDARD = gnu11;
				GCC_DYNAMIC_NO_PIC = NO;
				GCC_NO_COMMON_BLOCKS = YES;
				GCC_OPTIMIZATION_LEVEL = 0;
				GCC_PREPROCESSOR_DEFINITIONS = (
					"DEBUG=1",
					"$(inherited)",
				);
				GCC_WARN_64_TO_32_BIT_CONVERSION = YES;
				GCC_WARN_ABOUT_RETURN_TYPE = YES_ERROR;
				GCC_WARN_UNDECLARED_SELECTOR = YES;
				GCC_WARN_UNINITIALIZED_AUTOS = YES_AGGRESSIVE;
				GCC_WARN_UNUSED_FUNCTION = YES;
				GCC_WARN_UNUSED_VARIABLE = YES;
				IPHONEOS_DEPLOYMENT_TARGET = 15.4;
				MTL_ENABLE_DEBUG_INFO = INCLUDE_SOURCE;
				MTL_FAST_MATH = YES;
				ONLY_ACTIVE_ARCH = YES;
				SDKROOT = iphoneos;
				SWIFT_ACTIVE_COMPILATION_CONDITIONS = DEBUG;
				SWIFT_OPTIMIZATION_LEVEL = "-Onone";
			};
			name = Debug;
		};
		22EEACC028A2C53800995CC9 /* Release */ = {
			isa = XCBuildConfiguration;
			buildSettings = {
				ALWAYS_SEARCH_USER_PATHS = NO;
				CLANG_ANALYZER_NONNULL = YES;
				CLANG_ANALYZER_NUMBER_OBJECT_CONVERSION = YES_AGGRESSIVE;
				CLANG_CXX_LANGUAGE_STANDARD = "gnu++17";
				CLANG_ENABLE_MODULES = YES;
				CLANG_ENABLE_OBJC_ARC = YES;
				CLANG_ENABLE_OBJC_WEAK = YES;
				CLANG_WARN_BLOCK_CAPTURE_AUTORELEASING = YES;
				CLANG_WARN_BOOL_CONVERSION = YES;
				CLANG_WARN_COMMA = YES;
				CLANG_WARN_CONSTANT_CONVERSION = YES;
				CLANG_WARN_DEPRECATED_OBJC_IMPLEMENTATIONS = YES;
				CLANG_WARN_DIRECT_OBJC_ISA_USAGE = YES_ERROR;
				CLANG_WARN_DOCUMENTATION_COMMENTS = YES;
				CLANG_WARN_EMPTY_BODY = YES;
				CLANG_WARN_ENUM_CONVERSION = YES;
				CLANG_WARN_INFINITE_RECURSION = YES;
				CLANG_WARN_INT_CONVERSION = YES;
				CLANG_WARN_NON_LITERAL_NULL_CONVERSION = YES;
				CLANG_WARN_OBJC_IMPLICIT_RETAIN_SELF = YES;
				CLANG_WARN_OBJC_LITERAL_CONVERSION = YES;
				CLANG_WARN_OBJC_ROOT_CLASS = YES_ERROR;
				CLANG_WARN_QUOTED_INCLUDE_IN_FRAMEWORK_HEADER = YES;
				CLANG_WARN_RANGE_LOOP_ANALYSIS = YES;
				CLANG_WARN_STRICT_PROTOTYPES = YES;
				CLANG_WARN_SUSPICIOUS_MOVE = YES;
				CLANG_WARN_UNGUARDED_AVAILABILITY = YES_AGGRESSIVE;
				CLANG_WARN_UNREACHABLE_CODE = YES;
				CLANG_WARN__DUPLICATE_METHOD_MATCH = YES;
				COPY_PHASE_STRIP = NO;
				DEBUG_INFORMATION_FORMAT = "dwarf-with-dsym";
				ENABLE_NS_ASSERTIONS = NO;
				ENABLE_STRICT_OBJC_MSGSEND = YES;
				GCC_C_LANGUAGE_STANDARD = gnu11;
				GCC_NO_COMMON_BLOCKS = YES;
				GCC_WARN_64_TO_32_BIT_CONVERSION = YES;
				GCC_WARN_ABOUT_RETURN_TYPE = YES_ERROR;
				GCC_WARN_UNDECLARED_SELECTOR = YES;
				GCC_WARN_UNINITIALIZED_AUTOS = YES_AGGRESSIVE;
				GCC_WARN_UNUSED_FUNCTION = YES;
				GCC_WARN_UNUSED_VARIABLE = YES;
				IPHONEOS_DEPLOYMENT_TARGET = 15.4;
				MTL_ENABLE_DEBUG_INFO = NO;
				MTL_FAST_MATH = YES;
				SDKROOT = iphoneos;
				SWIFT_COMPILATION_MODE = wholemodule;
				SWIFT_OPTIMIZATION_LEVEL = "-O";
				VALIDATE_PRODUCT = YES;
			};
			name = Release;
		};
		22EEACC228A2C53800995CC9 /* Debug */ = {
			isa = XCBuildConfiguration;
			buildSettings = {
				ASSETCATALOG_COMPILER_APPICON_NAME = AppIcon;
				ASSETCATALOG_COMPILER_GLOBAL_ACCENT_COLOR_NAME = AccentColor;
				CODE_SIGN_STYLE = Automatic;
				CURRENT_PROJECT_VERSION = 1;
				DEVELOPMENT_TEAM = ZXJF269EJ7;
				GENERATE_INFOPLIST_FILE = YES;
				INFOPLIST_FILE = TeeWeatherForecast/Info.plist;
				INFOPLIST_KEY_UIApplicationSupportsIndirectInputEvents = YES;
				INFOPLIST_KEY_UILaunchStoryboardName = LaunchScreen;
				INFOPLIST_KEY_UISupportedInterfaceOrientations_iPad = "UIInterfaceOrientationPortrait UIInterfaceOrientationPortraitUpsideDown UIInterfaceOrientationLandscapeLeft UIInterfaceOrientationLandscapeRight";
				INFOPLIST_KEY_UISupportedInterfaceOrientations_iPhone = "UIInterfaceOrientationPortrait UIInterfaceOrientationLandscapeLeft UIInterfaceOrientationLandscapeRight";
				LD_RUNPATH_SEARCH_PATHS = (
					"$(inherited)",
					"@executable_path/Frameworks",
				);
				MARKETING_VERSION = 1.0;
				PRODUCT_BUNDLE_IDENTIFIER = com.tringuyen.TeeWeatherForecast;
				PRODUCT_NAME = "$(TARGET_NAME)";
				SWIFT_EMIT_LOC_STRINGS = YES;
				SWIFT_VERSION = 5.0;
				TARGETED_DEVICE_FAMILY = "1,2";
			};
			name = Debug;
		};
		22EEACC328A2C53800995CC9 /* Release */ = {
			isa = XCBuildConfiguration;
			buildSettings = {
				ASSETCATALOG_COMPILER_APPICON_NAME = AppIcon;
				ASSETCATALOG_COMPILER_GLOBAL_ACCENT_COLOR_NAME = AccentColor;
				CODE_SIGN_STYLE = Automatic;
				CURRENT_PROJECT_VERSION = 1;
				DEVELOPMENT_TEAM = ZXJF269EJ7;
				GENERATE_INFOPLIST_FILE = YES;
				INFOPLIST_FILE = TeeWeatherForecast/Info.plist;
				INFOPLIST_KEY_UIApplicationSupportsIndirectInputEvents = YES;
				INFOPLIST_KEY_UILaunchStoryboardName = LaunchScreen;
				INFOPLIST_KEY_UISupportedInterfaceOrientations_iPad = "UIInterfaceOrientationPortrait UIInterfaceOrientationPortraitUpsideDown UIInterfaceOrientationLandscapeLeft UIInterfaceOrientationLandscapeRight";
				INFOPLIST_KEY_UISupportedInterfaceOrientations_iPhone = "UIInterfaceOrientationPortrait UIInterfaceOrientationLandscapeLeft UIInterfaceOrientationLandscapeRight";
				LD_RUNPATH_SEARCH_PATHS = (
					"$(inherited)",
					"@executable_path/Frameworks",
				);
				MARKETING_VERSION = 1.0;
				PRODUCT_BUNDLE_IDENTIFIER = com.tringuyen.TeeWeatherForecast;
				PRODUCT_NAME = "$(TARGET_NAME)";
				SWIFT_EMIT_LOC_STRINGS = YES;
				SWIFT_VERSION = 5.0;
				TARGETED_DEVICE_FAMILY = "1,2";
			};
			name = Release;
		};
		22EEACC528A2C53800995CC9 /* Debug */ = {
			isa = XCBuildConfiguration;
			buildSettings = {
				ALWAYS_EMBED_SWIFT_STANDARD_LIBRARIES = YES;
				BUNDLE_LOADER = "$(TEST_HOST)";
				CODE_SIGN_STYLE = Automatic;
				CURRENT_PROJECT_VERSION = 1;
				DEVELOPMENT_TEAM = ZXJF269EJ7;
				GENERATE_INFOPLIST_FILE = YES;
				IPHONEOS_DEPLOYMENT_TARGET = 15.4;
				MARKETING_VERSION = 1.0;
				PRODUCT_BUNDLE_IDENTIFIER = com.tringuyen.TeeWeatherForecastTests;
				PRODUCT_NAME = "$(TARGET_NAME)";
				SWIFT_EMIT_LOC_STRINGS = NO;
				SWIFT_VERSION = 5.0;
				TARGETED_DEVICE_FAMILY = "1,2";
				TEST_HOST = "$(BUILT_PRODUCTS_DIR)/TeeWeatherForecast.app/TeeWeatherForecast";
			};
			name = Debug;
		};
		22EEACC628A2C53800995CC9 /* Release */ = {
			isa = XCBuildConfiguration;
			buildSettings = {
				ALWAYS_EMBED_SWIFT_STANDARD_LIBRARIES = YES;
				BUNDLE_LOADER = "$(TEST_HOST)";
				CODE_SIGN_STYLE = Automatic;
				CURRENT_PROJECT_VERSION = 1;
				DEVELOPMENT_TEAM = ZXJF269EJ7;
				GENERATE_INFOPLIST_FILE = YES;
				IPHONEOS_DEPLOYMENT_TARGET = 15.4;
				MARKETING_VERSION = 1.0;
				PRODUCT_BUNDLE_IDENTIFIER = com.tringuyen.TeeWeatherForecastTests;
				PRODUCT_NAME = "$(TARGET_NAME)";
				SWIFT_EMIT_LOC_STRINGS = NO;
				SWIFT_VERSION = 5.0;
				TARGETED_DEVICE_FAMILY = "1,2";
				TEST_HOST = "$(BUILT_PRODUCTS_DIR)/TeeWeatherForecast.app/TeeWeatherForecast";
			};
			name = Release;
		};
		22EEACC828A2C53800995CC9 /* Debug */ = {
			isa = XCBuildConfiguration;
			buildSettings = {
				ALWAYS_EMBED_SWIFT_STANDARD_LIBRARIES = YES;
				CODE_SIGN_STYLE = Automatic;
				CURRENT_PROJECT_VERSION = 1;
				DEVELOPMENT_TEAM = ZXJF269EJ7;
				GENERATE_INFOPLIST_FILE = YES;
				MARKETING_VERSION = 1.0;
				PRODUCT_BUNDLE_IDENTIFIER = com.tringuyen.TeeWeatherForecastUITests;
				PRODUCT_NAME = "$(TARGET_NAME)";
				SWIFT_EMIT_LOC_STRINGS = NO;
				SWIFT_VERSION = 5.0;
				TARGETED_DEVICE_FAMILY = "1,2";
				TEST_TARGET_NAME = TeeWeatherForecast;
			};
			name = Debug;
		};
		22EEACC928A2C53800995CC9 /* Release */ = {
			isa = XCBuildConfiguration;
			buildSettings = {
				ALWAYS_EMBED_SWIFT_STANDARD_LIBRARIES = YES;
				CODE_SIGN_STYLE = Automatic;
				CURRENT_PROJECT_VERSION = 1;
				DEVELOPMENT_TEAM = ZXJF269EJ7;
				GENERATE_INFOPLIST_FILE = YES;
				MARKETING_VERSION = 1.0;
				PRODUCT_BUNDLE_IDENTIFIER = com.tringuyen.TeeWeatherForecastUITests;
				PRODUCT_NAME = "$(TARGET_NAME)";
				SWIFT_EMIT_LOC_STRINGS = NO;
				SWIFT_VERSION = 5.0;
				TARGETED_DEVICE_FAMILY = "1,2";
				TEST_TARGET_NAME = TeeWeatherForecast;
			};
			name = Release;
		};
/* End XCBuildConfiguration section */

/* Begin XCConfigurationList section */
		22EEAC9228A2C53600995CC9 /* Build configuration list for PBXProject "TeeWeatherForecast" */ = {
			isa = XCConfigurationList;
			buildConfigurations = (
				22EEACBF28A2C53800995CC9 /* Debug */,
				22EEACC028A2C53800995CC9 /* Release */,
			);
			defaultConfigurationIsVisible = 0;
			defaultConfigurationName = Release;
		};
		22EEACC128A2C53800995CC9 /* Build configuration list for PBXNativeTarget "TeeWeatherForecast" */ = {
			isa = XCConfigurationList;
			buildConfigurations = (
				22EEACC228A2C53800995CC9 /* Debug */,
				22EEACC328A2C53800995CC9 /* Release */,
			);
			defaultConfigurationIsVisible = 0;
			defaultConfigurationName = Release;
		};
		22EEACC428A2C53800995CC9 /* Build configuration list for PBXNativeTarget "TeeWeatherForecastTests" */ = {
			isa = XCConfigurationList;
			buildConfigurations = (
				22EEACC528A2C53800995CC9 /* Debug */,
				22EEACC628A2C53800995CC9 /* Release */,
			);
			defaultConfigurationIsVisible = 0;
			defaultConfigurationName = Release;
		};
		22EEACC728A2C53800995CC9 /* Build configuration list for PBXNativeTarget "TeeWeatherForecastUITests" */ = {
			isa = XCConfigurationList;
			buildConfigurations = (
				22EEACC828A2C53800995CC9 /* Debug */,
				22EEACC928A2C53800995CC9 /* Release */,
			);
			defaultConfigurationIsVisible = 0;
			defaultConfigurationName = Release;
		};
/* End XCConfigurationList section */
	};
	rootObject = 22EEAC8F28A2C53600995CC9 /* Project object */;
}
